# This file is autogenerated, do not edit; changes may be undone by the next 'dep ensure'.


[[projects]]
  branch = "master"
  digest = "1:90d5ebae3cb432c6c6401ff564d59f9cb918cc24f40a698a268dc3dba9f0ac33"
  name = "github.com/bitrise-io/go-steputils"
  packages = [
    "output",
    "stepconf",
    "tools",
  ]
  pruneopts = "UT"
  revision = "03ae3a6ded35c5e8aed0058ec270e3494d242d17"

[[projects]]
  branch = "master"
  digest = "1:d47bd470a0f26c25e4f1500e4a8abd95f0ec205c92ff9ca266127e27876065e5"
  name = "github.com/bitrise-io/go-utils"
  packages = [
    "colorstring",
    "command",
    "command/rubycommand",
    "errorutil",
    "fileutil",
    "log",
    "parseutil",
    "pathutil",
    "pkcs12",
    "pkcs12/internal/rc2",
    "pointers",
    "sliceutil",
    "stringutil",
    "ziputil",
  ]
  pruneopts = "UT"
  revision = "6cc2aa4d248adef509996ac484bffd38856ddf80"

[[projects]]
  branch = "master"
  digest = "1:e8108eb49b207508535d950748c140b43bca938294ab64be612521abee627f32"
  name = "github.com/bitrise-io/go-xcode"
  packages = [
    "certificateutil",
    "export",
    "exportoptions",
    "models",
    "plistutil",
    "profileutil",
    "utility",
    "xcarchive",
    "xcodebuild",
    "xcpretty",
  ]
  pruneopts = "UT"
  revision = "7d05f87f6e9c9004759304ae8c3f3c90ea9c3bd4"

[[projects]]
  branch = "master"
  digest = "1:0bd05495dbd0567480e48eac9e6602d87875a8747b13c3c0fcb7c83c7c921776"
  name = "github.com/fullsailor/pkcs7"
  packages = ["."]
  pruneopts = "UT"
  revision = "d7302db945fa6ea264fb79d8e13e931ea514a602"

[[projects]]
  digest = "1:95732e0c27df672b3fdf5cdd8edd18cba5fc07263ef7cd25eaaad4afc4730313"
  name = "github.com/hashicorp/go-version"
  packages = ["."]
  pruneopts = "UT"
  revision = "59da58cfd357de719a4d16dac30481391a56c002"
  version = "v1.2.1"

[[projects]]
  branch = "master"
  digest = "1:400e113a367b511b9b09ca642ee11d9885485a93838526d697033af334a2fdde"
  name = "github.com/kballard/go-shellquote"
  packages = ["."]
  pruneopts = "UT"
  revision = "95032a82bc518f77982ea72343cc1ade730072f0"

[[projects]]
  digest = "1:cf31692c14422fa27c83a05292eb5cbe0fb2775972e8f1f8446a71549bd8980b"
  name = "github.com/pkg/errors"
  packages = ["."]
  pruneopts = "UT"
  revision = "ba968bfe8b2f7e042a574c888954fccecfa385b4"
  version = "v0.8.1"

[[projects]]
  digest = "1:6baa565fe16f8657cf93469b2b8a6c61a277827734400d27e44d589547297279"
  name = "github.com/ryanuber/go-glob"
  packages = ["."]
  pruneopts = "UT"
  revision = "51a8f68e6c24dc43f1e371749c89a267de4ebc53"
  version = "v1.0.0"

[[projects]]
  branch = "master"
  digest = "1:92b6e14d99fc9684a56c91055b66882eed40e5f601a1316b8da860d0538d7da3"
  name = "howett.net/plist"
  packages = ["."]
  pruneopts = "UT"
  revision = "117a925f21509a9550f452433c190139e480a726"

[solve-meta]
  analyzer-name = "dep"
  analyzer-version = 1
  input-imports = [
    "github.com/bitrise-io/go-steputils/output",
    "github.com/bitrise-io/go-steputils/stepconf",
    "github.com/bitrise-io/go-steputils/tools",
    "github.com/bitrise-io/go-utils/command",
    "github.com/bitrise-io/go-utils/errorutil",
    "github.com/bitrise-io/go-utils/fileutil",
    "github.com/bitrise-io/go-utils/log",
    "github.com/bitrise-io/go-utils/pathutil",
    "github.com/bitrise-io/go-utils/sliceutil",
    "github.com/bitrise-io/go-utils/stringutil",
    "github.com/bitrise-io/go-xcode/certificateutil",
    "github.com/bitrise-io/go-xcode/export",
    "github.com/bitrise-io/go-xcode/exportoptions",
    "github.com/bitrise-io/go-xcode/profileutil",
    "github.com/bitrise-io/go-xcode/utility",
    "github.com/bitrise-io/go-xcode/xcarchive",
    "github.com/bitrise-io/go-xcode/xcodebuild",
    "github.com/bitrise-io/go-xcode/xcpretty",
    "github.com/kballard/go-shellquote",
  ]
  solver-name = "gps-cdcl"
  solver-version = 1
