# This file is autogenerated, do not edit; changes may be undone by the next 'dep ensure'.


[[projects]]
  branch = "master"
  digest = "1:90d5ebae3cb432c6c6401ff564d59f9cb918cc24f40a698a268dc3dba9f0ac33"
  name = "github.com/bitrise-io/go-steputils"
  packages = [
    "output",
    "stepconf",
    "tools",
  ]
  pruneopts = "UT"
  revision = "6d5afa53c7b85b6135e382105116d245b5997ace"

[[projects]]
  branch = "master"
  digest = "1:eb6763e9d0fbbf364b0290bf0e24977ce7e9ae4f44106ae2d1bf8d0dc185d0fe"
  name = "github.com/bitrise-io/go-utils"
  packages = [
    "colorstring",
    "command",
    "command/rubycommand",
    "errorutil",
    "fileutil",
    "log",
    "parseutil",
    "pathutil",
    "pkcs12",
    "pkcs12/internal/rc2",
    "pointers",
    "stringutil",
    "ziputil",
  ]
  pruneopts = "UT"
  revision = "0c47c16813a4209321c9d0dba2e75867d6901ff2"

[[projects]]
  branch = "master"
  digest = "1:45b269e986ce3434f619555333149934582cc72296796b8af2bef8df44361ef9"
  name = "github.com/bitrise-io/go-xcode"
  packages = [
    "certificateutil",
    "export",
    "exportoptions",
    "models",
    "plistutil",
    "profileutil",
    "utility",
    "xcarchive",
    "xcodebuild",
    "xcpretty",
  ]
  pruneopts = "UT"
  revision = "daa88266b1647d462667866ffdd6fbece7157c0a"

[[projects]]
  branch = "master"
  digest = "1:0bd05495dbd0567480e48eac9e6602d87875a8747b13c3c0fcb7c83c7c921776"
  name = "github.com/fullsailor/pkcs7"
  packages = ["."]
  pruneopts = "UT"
  revision = "d7302db945fa6ea264fb79d8e13e931ea514a602"

[[projects]]
  digest = "1:95732e0c27df672b3fdf5cdd8edd18cba5fc07263ef7cd25eaaad4afc4730313"
  name = "github.com/hashicorp/go-version"
  packages = ["."]
  pruneopts = "UT"
  revision = "59da58cfd357de719a4d16dac30481391a56c002"
  version = "v1.2.1"

[[projects]]
  digest = "1:cf31692c14422fa27c83a05292eb5cbe0fb2775972e8f1f8446a71549bd8980b"
  name = "github.com/pkg/errors"
  packages = ["."]
  pruneopts = "UT"
  revision = "ba968bfe8b2f7e042a574c888954fccecfa385b4"
  version = "v0.8.1"

[[projects]]
  digest = "1:6baa565fe16f8657cf93469b2b8a6c61a277827734400d27e44d589547297279"
  name = "github.com/ryanuber/go-glob"
  packages = ["."]
  pruneopts = "UT"
  revision = "51a8f68e6c24dc43f1e371749c89a267de4ebc53"
  version = "v1.0.0"

[[projects]]
  branch = "master"
  digest = "1:b5ead2120cd278858a83be14ef551f54295da350033dbc3f227fe0298b880256"
  name = "howett.net/plist"
  packages = ["."]
  pruneopts = "UT"
  revision = "3b63eb3a43b59c776909681ed1fcb412b47d3c9a"

[solve-meta]
  analyzer-name = "dep"
  analyzer-version = 1
  input-imports = [
    "github.com/bitrise-io/go-steputils/output",
    "github.com/bitrise-io/go-steputils/stepconf",
    "github.com/bitrise-io/go-steputils/tools",
    "github.com/bitrise-io/go-utils/command",
    "github.com/bitrise-io/go-utils/errorutil",
    "github.com/bitrise-io/go-utils/fileutil",
    "github.com/bitrise-io/go-utils/log",
    "github.com/bitrise-io/go-utils/pathutil",
    "github.com/bitrise-io/go-utils/stringutil",
    "github.com/bitrise-io/go-xcode/certificateutil",
    "github.com/bitrise-io/go-xcode/export",
    "github.com/bitrise-io/go-xcode/exportoptions",
    "github.com/bitrise-io/go-xcode/profileutil",
    "github.com/bitrise-io/go-xcode/utility",
    "github.com/bitrise-io/go-xcode/xcarchive",
    "github.com/bitrise-io/go-xcode/xcodebuild",
    "github.com/bitrise-io/go-xcode/xcpretty",
  ]
  solver-name = "gps-cdcl"
  solver-version = 1
